
Microsoft Visual Studio Solution File, Format Version 12.00
# Visual Studio Version 17
VisualStudioVersion = 17.11.35219.272
MinimumVisualStudioVersion = 10.0.40219.1
Project("{FAE04EC0-301F-11D3-BF4B-00C04F79EFBC}") = "TodoListAGS", "TodoListAGS\TodoListAGS.csproj", "{AED9C0A2-5349-4E35-A77D-0F413B6C27DA}"
EndProject
Global
	GlobalSection(SolutionConfigurationPlatforms) = preSolution
		Debug|Any CPU = Debug|Any CPU
		Release|Any CPU = Release|Any CPU
	EndGlobalSection
	GlobalSection(ProjectConfigurationPlatforms) = postSolution
		{AED9C0A2-5349-4E35-A77D-0F413B6C27DA}.Debug|Any CPU.ActiveCfg = Debug|Any CPU
		{AED9C0A2-5349-4E35-A77D-0F413B6C27DA}.Debug|Any CPU.Build.0 = Debug|Any CPU
		{AED9C0A2-5349-4E35-A77D-0F413B6C27DA}.Release|Any CPU.ActiveCfg = Release|Any CPU
		{AED9C0A2-5349-4E35-A77D-0F413B6C27DA}.Release|Any CPU.Build.0 = Release|Any CPU
	EndGlobalSection
	GlobalSection(SolutionProperties) = preSolution
		HideSolutionNode = FALSE
	EndGlobalSection
	GlobalSection(ExtensibilityGlobals) = postSolution
		SolutionGuid = {5545AF7E-8D09-4029-9080-B3A34C44BFC2}
	EndGlobalSection
EndGlobal
